
Microsoft Visual Studio Solution File, Format Version 12.00
# Visual Studio 15
VisualStudioVersion = 15.0.27428.2002
MinimumVisualStudioVersion = 10.0.40219.1
Project("{FAE04EC0-301F-11D3-BF4B-00C04F79EFBC}") = "NeuralNetwork", "NeuralNetwork\NeuralNetwork.csproj", "{1C72E182-F65A-423F-A0FE-4A19B9461322}"
EndProject
Project("{FAE04EC0-301F-11D3-BF4B-00C04F79EFBC}") = "NeuralNetTest", "NeuralNetTest\NeuralNetTest.csproj", "{65E78C00-02CF-464F-9735-FEB4123CA506}"
EndProject
Global
	GlobalSection(SolutionConfigurationPlatforms) = preSolution
		Debug|Any CPU = Debug|Any CPU
		Release|Any CPU = Release|Any CPU
	EndGlobalSection
	GlobalSection(ProjectConfigurationPlatforms) = postSolution
		{1C72E182-F65A-423F-A0FE-4A19B9461322}.Debug|Any CPU.ActiveCfg = Debug|Any CPU
		{1C72E182-F65A-423F-A0FE-4A19B9461322}.Debug|Any CPU.Build.0 = Debug|Any CPU
		{1C72E182-F65A-423F-A0FE-4A19B9461322}.Release|Any CPU.ActiveCfg = Release|Any CPU
		{1C72E182-F65A-423F-A0FE-4A19B9461322}.Release|Any CPU.Build.0 = Release|Any CPU
		{65E78C00-02CF-464F-9735-FEB4123CA506}.Debug|Any CPU.ActiveCfg = Debug|Any CPU
		{65E78C00-02CF-464F-9735-FEB4123CA506}.Debug|Any CPU.Build.0 = Debug|Any CPU
		{65E78C00-02CF-464F-9735-FEB4123CA506}.Release|Any CPU.ActiveCfg = Release|Any CPU
		{65E78C00-02CF-464F-9735-FEB4123CA506}.Release|Any CPU.Build.0 = Release|Any CPU
	EndGlobalSection
	GlobalSection(SolutionProperties) = preSolution
		HideSolutionNode = FALSE
	EndGlobalSection
	GlobalSection(ExtensibilityGlobals) = postSolution
		SolutionGuid = {F7BA2496-0B21-481C-B6E1-805F72080E14}
	EndGlobalSection
EndGlobal
